
Microsoft Visual Studio Solution File, Format Version 12.00
# Visual Studio Version 16
VisualStudioVersion = 16.0.30204.135
MinimumVisualStudioVersion = 10.0.40219.1
Project("{FAE04EC0-301F-11D3-BF4B-00C04F79EFBC}") = "GreaterNum", "GreaterNum\GreaterNum.csproj", "{7F772644-8F81-4CBC-8762-608EC39263F7}"
EndProject
Global
	GlobalSection(SolutionConfigurationPlatforms) = preSolution
		Debug|Any CPU = Debug|Any CPU
		Release|Any CPU = Release|Any CPU
	EndGlobalSection
	GlobalSection(ProjectConfigurationPlatforms) = postSolution
		{7F772644-8F81-4CBC-8762-608EC39263F7}.Debug|Any CPU.ActiveCfg = Debug|Any CPU
		{7F772644-8F81-4CBC-8762-608EC39263F7}.Debug|Any CPU.Build.0 = Debug|Any CPU
		{7F772644-8F81-4CBC-8762-608EC39263F7}.Release|Any CPU.ActiveCfg = Release|Any CPU
		{7F772644-8F81-4CBC-8762-608EC39263F7}.Release|Any CPU.Build.0 = Release|Any CPU
	EndGlobalSection
	GlobalSection(SolutionProperties) = preSolution
		HideSolutionNode = FALSE
	EndGlobalSection
	GlobalSection(ExtensibilityGlobals) = postSolution
		SolutionGuid = {A25C335A-5EEC-4730-AFEA-5F2218B4B89F}
	EndGlobalSection
EndGlobal
