
Microsoft Visual Studio Solution File, Format Version 12.00
# Visual Studio Version 16
VisualStudioVersion = 16.0.30204.135
MinimumVisualStudioVersion = 10.0.40219.1
Project("{FAE04EC0-301F-11D3-BF4B-00C04F79EFBC}") = "WorkingWithString", "WorkingWithString\WorkingWithString.csproj", "{1C9FE838-4190-4A4C-9B37-BE0EFB37C496}"
EndProject
Global
	GlobalSection(SolutionConfigurationPlatforms) = preSolution
		Debug|Any CPU = Debug|Any CPU
		Release|Any CPU = Release|Any CPU
	EndGlobalSection
	GlobalSection(ProjectConfigurationPlatforms) = postSolution
		{1C9FE838-4190-4A4C-9B37-BE0EFB37C496}.Debug|Any CPU.ActiveCfg = Debug|Any CPU
		{1C9FE838-4190-4A4C-9B37-BE0EFB37C496}.Debug|Any CPU.Build.0 = Debug|Any CPU
		{1C9FE838-4190-4A4C-9B37-BE0EFB37C496}.Release|Any CPU.ActiveCfg = Release|Any CPU
		{1C9FE838-4190-4A4C-9B37-BE0EFB37C496}.Release|Any CPU.Build.0 = Release|Any CPU
	EndGlobalSection
	GlobalSection(SolutionProperties) = preSolution
		HideSolutionNode = FALSE
	EndGlobalSection
	GlobalSection(ExtensibilityGlobals) = postSolution
		SolutionGuid = {19AA32FF-7F83-44A4-9904-E6A96F389FD6}
	EndGlobalSection
EndGlobal
